
Microsoft Visual Studio Solution File, Format Version 12.00
# Visual Studio 15
VisualStudioVersion = 15.0.28010.2048
MinimumVisualStudioVersion = 10.0.40219.1
Project("{FAE04EC0-301F-11D3-BF4B-00C04F79EFBC}") = "ChossonKallahAdmin", "ChossonKallahAdmin\ChossonKallahAdmin.csproj", "{44F6C12C-AF66-4AE7-8937-F0091883F246}"
EndProject
Global
	GlobalSection(SolutionConfigurationPlatforms) = preSolution
		Debug|Any CPU = Debug|Any CPU
		Release|Any CPU = Release|Any CPU
	EndGlobalSection
	GlobalSection(ProjectConfigurationPlatforms) = postSolution
		{44F6C12C-AF66-4AE7-8937-F0091883F246}.Debug|Any CPU.ActiveCfg = Debug|Any CPU
		{44F6C12C-AF66-4AE7-8937-F0091883F246}.Debug|Any CPU.Build.0 = Debug|Any CPU
		{44F6C12C-AF66-4AE7-8937-F0091883F246}.Release|Any CPU.ActiveCfg = Release|Any CPU
		{44F6C12C-AF66-4AE7-8937-F0091883F246}.Release|Any CPU.Build.0 = Release|Any CPU
	EndGlobalSection
	GlobalSection(SolutionProperties) = preSolution
		HideSolutionNode = FALSE
	EndGlobalSection
	GlobalSection(ExtensibilityGlobals) = postSolution
		SolutionGuid = {41E37E10-9963-47C6-96FA-8AEB6990137A}
	EndGlobalSection
	GlobalSection(TeamFoundationVersionControl) = preSolution
		SccNumberOfProjects = 2
		SccEnterpriseProvider = {4CA58AB2-18FA-4F8D-95D4-32DDF27D184C}
		SccTeamFoundationServer = https://monagoyal.visualstudio.com/
		SccLocalPath0 = .
		SccProjectUniqueName1 = ChossonKallahAdmin\\ChossonKallahAdmin.csproj
		SccProjectName1 = ChossonKallahAdmin
		SccLocalPath1 = ChossonKallahAdmin
	EndGlobalSection
EndGlobal
